
Microsoft Visual Studio Solution File, Format Version 12.00
# Visual Studio Version 17
VisualStudioVersion = 17.11.35303.130
MinimumVisualStudioVersion = 10.0.40219.1
Project("{FAE04EC0-301F-11D3-BF4B-00C04F79EFBC}") = "PersonApi", "PersonApi\PersonApi.csproj", "{CF191572-D845-4296-8065-D7BA71D578FD}"
EndProject
Project("{FAE04EC0-301F-11D3-BF4B-00C04F79EFBC}") = "PersonClient", "PersonClient\PersonClient.csproj", "{A49EE7B8-D5BE-40D5-9DFC-20184287EB7D}"
EndProject
Global
	GlobalSection(SolutionConfigurationPlatforms) = preSolution
		Debug|Any CPU = Debug|Any CPU
		Release|Any CPU = Release|Any CPU
	EndGlobalSection
	GlobalSection(ProjectConfigurationPlatforms) = postSolution
		{CF191572-D845-4296-8065-D7BA71D578FD}.Debug|Any CPU.ActiveCfg = Debug|Any CPU
		{CF191572-D845-4296-8065-D7BA71D578FD}.Debug|Any CPU.Build.0 = Debug|Any CPU
		{CF191572-D845-4296-8065-D7BA71D578FD}.Release|Any CPU.ActiveCfg = Release|Any CPU
		{CF191572-D845-4296-8065-D7BA71D578FD}.Release|Any CPU.Build.0 = Release|Any CPU
		{A49EE7B8-D5BE-40D5-9DFC-20184287EB7D}.Debug|Any CPU.ActiveCfg = Debug|Any CPU
		{A49EE7B8-D5BE-40D5-9DFC-20184287EB7D}.Debug|Any CPU.Build.0 = Debug|Any CPU
		{A49EE7B8-D5BE-40D5-9DFC-20184287EB7D}.Release|Any CPU.ActiveCfg = Release|Any CPU
		{A49EE7B8-D5BE-40D5-9DFC-20184287EB7D}.Release|Any CPU.Build.0 = Release|Any CPU
	EndGlobalSection
	GlobalSection(SolutionProperties) = preSolution
		HideSolutionNode = FALSE
	EndGlobalSection
	GlobalSection(ExtensibilityGlobals) = postSolution
		SolutionGuid = {64A47307-9695-4F5B-A288-3717FB0E34F6}
	EndGlobalSection
EndGlobal
